{
    "_meta": {
        "hash": {
            "sha256": "14687b3131c20523cb0105c69d4eed66be42bf2a4ac25c6fae8d1b1c590a9606"
        },
        "pipfile-spec": 6,
        "requires": {
            "python_version": "3.8"
        },
        "sources": [
            {
                "name": "pypi",
                "url": "https://pypi.org/simple",
                "verify_ssl": true
            }
        ]
    },
    "default": {
        "pyfiglet": {
            "hashes": [
                "sha256:c6c2321755d09267b438ec7b936825a4910fec696292139e664ca8670e103639",
                "sha256:d555bcea17fbeaf70eaefa48bb119352487e629c9b56f30f383e2c62dd67a01c"
            ],
            "index": "pypi",
            "version": "==0.8.post1"
        },
        "termcolor": {
            "hashes": [
                "sha256:1d6d69ce66211143803fbc56652b41d73b4a400a2891d7bf7a1cdf4c02de613b"
            ],
            "index": "pypi",
            "version": "==1.1.0"
        }
    },
    "develop": {}
}
